
Microsoft Visual Studio Solution File, Format Version 12.00
# Visual Studio Version 17
VisualStudioVersion = 17.3.32811.315
MinimumVisualStudioVersion = 10.0.40219.1
Project("{FAE04EC0-301F-11D3-BF4B-00C04F79EFBC}") = "FoodApplication", "FoodApplication\FoodApplication.csproj", "{04FC0138-F94B-48EC-A75F-E12AE0774744}"
EndProject
Global
	GlobalSection(SolutionConfigurationPlatforms) = preSolution
		Debug|Any CPU = Debug|Any CPU
		Release|Any CPU = Release|Any CPU
	EndGlobalSection
	GlobalSection(ProjectConfigurationPlatforms) = postSolution
		{04FC0138-F94B-48EC-A75F-E12AE0774744}.Debug|Any CPU.ActiveCfg = Debug|Any CPU
		{04FC0138-F94B-48EC-A75F-E12AE0774744}.Debug|Any CPU.Build.0 = Debug|Any CPU
		{04FC0138-F94B-48EC-A75F-E12AE0774744}.Release|Any CPU.ActiveCfg = Release|Any CPU
		{04FC0138-F94B-48EC-A75F-E12AE0774744}.Release|Any CPU.Build.0 = Release|Any CPU
	EndGlobalSection
	GlobalSection(SolutionProperties) = preSolution
		HideSolutionNode = FALSE
	EndGlobalSection
	GlobalSection(ExtensibilityGlobals) = postSolution
		SolutionGuid = {D0914DEA-0319-435E-A030-03089C2790E6}
	EndGlobalSection
EndGlobal
